
Microsoft Visual Studio Solution File, Format Version 12.00
# Visual Studio Version 16
VisualStudioVersion = 16.0.34031.81
MinimumVisualStudioVersion = 10.0.40219.1
Project("{2150E333-8FDC-42A3-9474-1A3956D46DE8}") = "Task0", "Task0", "{D157C482-D339-4565-99CB-A60664132163}"
EndProject
Project("{FAE04EC0-301F-11D3-BF4B-00C04F79EFBC}") = "Tyuiu.ShadrinEA.Sprint3.Task0.V18", "Tyuiu.ShadrinEA.Sprint3.Task0.V18\Tyuiu.ShadrinEA.Sprint3.Task0.V18.csproj", "{C8569262-D4B8-4744-9CD9-91A964D9EA6C}"
EndProject
Project("{FAE04EC0-301F-11D3-BF4B-00C04F79EFBC}") = "Tyuiu.ShadrinEA.Sprint3.Task0.V18.Lib", "Tyuiu.ShadrinEA.Sprint3.Task0.V18.Lib\Tyuiu.ShadrinEA.Sprint3.Task0.V18.Lib.csproj", "{5092F523-5673-4BD0-B3BD-97DC6E04E06E}"
EndProject
Project("{FAE04EC0-301F-11D3-BF4B-00C04F79EFBC}") = "Tyuiu.ShadrinEA.Sprint3.Task0.V18.Test", "Tyuiu.ShadrinEA.Sprint3.Task0.V18.Test\Tyuiu.ShadrinEA.Sprint3.Task0.V18.Test.csproj", "{EA334C41-BEF9-456D-8FAC-5397ECAC887B}"
EndProject
Project("{2150E333-8FDC-42A3-9474-1A3956D46DE8}") = "Task1", "Task1", "{489C3ACC-F089-483C-B390-2868EC0BE0C6}"
EndProject
Project("{FAE04EC0-301F-11D3-BF4B-00C04F79EFBC}") = "Tyuiu.ShadrinEA.Sprint3.Task1.V16", "Tyuiu.ShadrinEA.Sprint3.Task1.V16\Tyuiu.ShadrinEA.Sprint3.Task1.V16.csproj", "{FCE61D34-8158-4BD5-A3D9-662CB30D87E1}"
EndProject
Project("{FAE04EC0-301F-11D3-BF4B-00C04F79EFBC}") = "Tyuiu.ShadrinEA.Sprint3.Task1.V16.Test", "Tyuiu.ShadrinEA.Sprint3.Task1.V16.Test\Tyuiu.ShadrinEA.Sprint3.Task1.V16.Test.csproj", "{09FF6609-FF26-4049-8365-F727A2986061}"
EndProject
Project("{FAE04EC0-301F-11D3-BF4B-00C04F79EFBC}") = "Tyuiu.ShadrinEA.Sprint3.Task1.V16.Lib", "Tyuiu.ShadrinEA.Sprint3.Task1.V16.Lib\Tyuiu.ShadrinEA.Sprint3.Task1.V16.Lib.csproj", "{22EA75CC-4032-4F3E-849F-5FDF1353ABDA}"
EndProject
Project("{2150E333-8FDC-42A3-9474-1A3956D46DE8}") = "Task2", "Task2", "{D61CB9DC-67B8-4FBB-A5D3-3550D7ADD894}"
EndProject
Project("{FAE04EC0-301F-11D3-BF4B-00C04F79EFBC}") = "Tyuiu.ShadrinEA.Sprint3.Task2.V17.Lib", "Tyuiu.ShadrinEA.Sprint3.Task2.V17.Lib\Tyuiu.ShadrinEA.Sprint3.Task2.V17.Lib.csproj", "{6D74F5E4-0D63-44E1-82B1-499712C1F17B}"
EndProject
Project("{FAE04EC0-301F-11D3-BF4B-00C04F79EFBC}") = "Tyuiu.ShadrinEA.Sprint3.Task2.V17.Test", "Tyuiu.ShadrinEA.Sprint3.Task2.V17.Test\Tyuiu.ShadrinEA.Sprint3.Task2.V17.Test.csproj", "{F3DD35C3-B330-45CF-9DD6-DBB7DD9D02C1}"
EndProject
Project("{FAE04EC0-301F-11D3-BF4B-00C04F79EFBC}") = "Tyuiu.ShadrinEA.Sprint3.Task2.V17", "Tyuiu.ShadrinEA.Sprint3.Task2.V17\Tyuiu.ShadrinEA.Sprint3.Task2.V17.csproj", "{686A7445-3C3A-45DC-90EC-831ACF0D8275}"
EndProject
Project("{2150E333-8FDC-42A3-9474-1A3956D46DE8}") = "Task3", "Task3", "{2647CFCB-7AC1-40B0-B012-9346370DD346}"
EndProject
Project("{FAE04EC0-301F-11D3-BF4B-00C04F79EFBC}") = "Tyuiu.ShadrinEA.Sprint3.Task3.V18", "Tyuiu.ShadrinEA.Sprint3.Task3.V18\Tyuiu.ShadrinEA.Sprint3.Task3.V18.csproj", "{02D6CD88-D85F-402D-AD00-29153B9D3CD2}"
EndProject
Project("{FAE04EC0-301F-11D3-BF4B-00C04F79EFBC}") = "Tyuiu.ShadrinEA.Sprint3.Task3.V18.Test", "Tyuiu.ShadrinEA.Sprint3.Task3.V18.Test\Tyuiu.ShadrinEA.Sprint3.Task3.V18.Test.csproj", "{2D03AB3D-9F4F-4A1C-9142-7697E1B44CB6}"
EndProject
Project("{FAE04EC0-301F-11D3-BF4B-00C04F79EFBC}") = "Tyuiu.ShadrinEA.Sprint3.Task3.V18.Lib", "Tyuiu.ShadrinEA.Sprint3.Task3.V18.Lib\Tyuiu.ShadrinEA.Sprint3.Task3.V18.Lib.csproj", "{55E75826-BA7D-4B60-A7DC-9B4992AA9D2A}"
EndProject
Global
	GlobalSection(SolutionConfigurationPlatforms) = preSolution
		Debug|Any CPU = Debug|Any CPU
		Release|Any CPU = Release|Any CPU
	EndGlobalSection
	GlobalSection(ProjectConfigurationPlatforms) = postSolution
		{C8569262-D4B8-4744-9CD9-91A964D9EA6C}.Debug|Any CPU.ActiveCfg = Debug|Any CPU
		{C8569262-D4B8-4744-9CD9-91A964D9EA6C}.Debug|Any CPU.Build.0 = Debug|Any CPU
		{C8569262-D4B8-4744-9CD9-91A964D9EA6C}.Release|Any CPU.ActiveCfg = Release|Any CPU
		{C8569262-D4B8-4744-9CD9-91A964D9EA6C}.Release|Any CPU.Build.0 = Release|Any CPU
		{5092F523-5673-4BD0-B3BD-97DC6E04E06E}.Debug|Any CPU.ActiveCfg = Debug|Any CPU
		{5092F523-5673-4BD0-B3BD-97DC6E04E06E}.Debug|Any CPU.Build.0 = Debug|Any CPU
		{5092F523-5673-4BD0-B3BD-97DC6E04E06E}.Release|Any CPU.ActiveCfg = Release|Any CPU
		{5092F523-5673-4BD0-B3BD-97DC6E04E06E}.Release|Any CPU.Build.0 = Release|Any CPU
		{EA334C41-BEF9-456D-8FAC-5397ECAC887B}.Debug|Any CPU.ActiveCfg = Debug|Any CPU
		{EA334C41-BEF9-456D-8FAC-5397ECAC887B}.Debug|Any CPU.Build.0 = Debug|Any CPU
		{EA334C41-BEF9-456D-8FAC-5397ECAC887B}.Release|Any CPU.ActiveCfg = Release|Any CPU
		{EA334C41-BEF9-456D-8FAC-5397ECAC887B}.Release|Any CPU.Build.0 = Release|Any CPU
		{FCE61D34-8158-4BD5-A3D9-662CB30D87E1}.Debug|Any CPU.ActiveCfg = Debug|Any CPU
		{FCE61D34-8158-4BD5-A3D9-662CB30D87E1}.Debug|Any CPU.Build.0 = Debug|Any CPU
		{FCE61D34-8158-4BD5-A3D9-662CB30D87E1}.Release|Any CPU.ActiveCfg = Release|Any CPU
		{FCE61D34-8158-4BD5-A3D9-662CB30D87E1}.Release|Any CPU.Build.0 = Release|Any CPU
		{09FF6609-FF26-4049-8365-F727A2986061}.Debug|Any CPU.ActiveCfg = Debug|Any CPU
		{09FF6609-FF26-4049-8365-F727A2986061}.Debug|Any CPU.Build.0 = Debug|Any CPU
		{09FF6609-FF26-4049-8365-F727A2986061}.Release|Any CPU.ActiveCfg = Release|Any CPU
		{09FF6609-FF26-4049-8365-F727A2986061}.Release|Any CPU.Build.0 = Release|Any CPU
		{22EA75CC-4032-4F3E-849F-5FDF1353ABDA}.Debug|Any CPU.ActiveCfg = Debug|Any CPU
		{22EA75CC-4032-4F3E-849F-5FDF1353ABDA}.Debug|Any CPU.Build.0 = Debug|Any CPU
		{22EA75CC-4032-4F3E-849F-5FDF1353ABDA}.Release|Any CPU.ActiveCfg = Release|Any CPU
		{22EA75CC-4032-4F3E-849F-5FDF1353ABDA}.Release|Any CPU.Build.0 = Release|Any CPU
		{6D74F5E4-0D63-44E1-82B1-499712C1F17B}.Debug|Any CPU.ActiveCfg = Debug|Any CPU
		{6D74F5E4-0D63-44E1-82B1-499712C1F17B}.Debug|Any CPU.Build.0 = Debug|Any CPU
		{6D74F5E4-0D63-44E1-82B1-499712C1F17B}.Release|Any CPU.ActiveCfg = Release|Any CPU
		{6D74F5E4-0D63-44E1-82B1-499712C1F17B}.Release|Any CPU.Build.0 = Release|Any CPU
		{F3DD35C3-B330-45CF-9DD6-DBB7DD9D02C1}.Debug|Any CPU.ActiveCfg = Debug|Any CPU
		{F3DD35C3-B330-45CF-9DD6-DBB7DD9D02C1}.Debug|Any CPU.Build.0 = Debug|Any CPU
		{F3DD35C3-B330-45CF-9DD6-DBB7DD9D02C1}.Release|Any CPU.ActiveCfg = Release|Any CPU
		{F3DD35C3-B330-45CF-9DD6-DBB7DD9D02C1}.Release|Any CPU.Build.0 = Release|Any CPU
		{686A7445-3C3A-45DC-90EC-831ACF0D8275}.Debug|Any CPU.ActiveCfg = Debug|Any CPU
		{686A7445-3C3A-45DC-90EC-831ACF0D8275}.Debug|Any CPU.Build.0 = Debug|Any CPU
		{686A7445-3C3A-45DC-90EC-831ACF0D8275}.Release|Any CPU.ActiveCfg = Release|Any CPU
		{686A7445-3C3A-45DC-90EC-831ACF0D8275}.Release|Any CPU.Build.0 = Release|Any CPU
		{02D6CD88-D85F-402D-AD00-29153B9D3CD2}.Debug|Any CPU.ActiveCfg = Debug|Any CPU
		{02D6CD88-D85F-402D-AD00-29153B9D3CD2}.Debug|Any CPU.Build.0 = Debug|Any CPU
		{02D6CD88-D85F-402D-AD00-29153B9D3CD2}.Release|Any CPU.ActiveCfg = Release|Any CPU
		{02D6CD88-D85F-402D-AD00-29153B9D3CD2}.Release|Any CPU.Build.0 = Release|Any CPU
		{2D03AB3D-9F4F-4A1C-9142-7697E1B44CB6}.Debug|Any CPU.ActiveCfg = Debug|Any CPU
		{2D03AB3D-9F4F-4A1C-9142-7697E1B44CB6}.Debug|Any CPU.Build.0 = Debug|Any CPU
		{2D03AB3D-9F4F-4A1C-9142-7697E1B44CB6}.Release|Any CPU.ActiveCfg = Release|Any CPU
		{2D03AB3D-9F4F-4A1C-9142-7697E1B44CB6}.Release|Any CPU.Build.0 = Release|Any CPU
		{55E75826-BA7D-4B60-A7DC-9B4992AA9D2A}.Debug|Any CPU.ActiveCfg = Debug|Any CPU
		{55E75826-BA7D-4B60-A7DC-9B4992AA9D2A}.Debug|Any CPU.Build.0 = Debug|Any CPU
		{55E75826-BA7D-4B60-A7DC-9B4992AA9D2A}.Release|Any CPU.ActiveCfg = Release|Any CPU
		{55E75826-BA7D-4B60-A7DC-9B4992AA9D2A}.Release|Any CPU.Build.0 = Release|Any CPU
	EndGlobalSection
	GlobalSection(SolutionProperties) = preSolution
		HideSolutionNode = FALSE
	EndGlobalSection
	GlobalSection(NestedProjects) = preSolution
		{C8569262-D4B8-4744-9CD9-91A964D9EA6C} = {D157C482-D339-4565-99CB-A60664132163}
		{5092F523-5673-4BD0-B3BD-97DC6E04E06E} = {D157C482-D339-4565-99CB-A60664132163}
		{EA334C41-BEF9-456D-8FAC-5397ECAC887B} = {D157C482-D339-4565-99CB-A60664132163}
		{FCE61D34-8158-4BD5-A3D9-662CB30D87E1} = {489C3ACC-F089-483C-B390-2868EC0BE0C6}
		{09FF6609-FF26-4049-8365-F727A2986061} = {489C3ACC-F089-483C-B390-2868EC0BE0C6}
		{22EA75CC-4032-4F3E-849F-5FDF1353ABDA} = {489C3ACC-F089-483C-B390-2868EC0BE0C6}
		{6D74F5E4-0D63-44E1-82B1-499712C1F17B} = {D61CB9DC-67B8-4FBB-A5D3-3550D7ADD894}
		{F3DD35C3-B330-45CF-9DD6-DBB7DD9D02C1} = {D61CB9DC-67B8-4FBB-A5D3-3550D7ADD894}
		{686A7445-3C3A-45DC-90EC-831ACF0D8275} = {D61CB9DC-67B8-4FBB-A5D3-3550D7ADD894}
		{02D6CD88-D85F-402D-AD00-29153B9D3CD2} = {2647CFCB-7AC1-40B0-B012-9346370DD346}
		{2D03AB3D-9F4F-4A1C-9142-7697E1B44CB6} = {2647CFCB-7AC1-40B0-B012-9346370DD346}
		{55E75826-BA7D-4B60-A7DC-9B4992AA9D2A} = {2647CFCB-7AC1-40B0-B012-9346370DD346}
	EndGlobalSection
	GlobalSection(ExtensibilityGlobals) = postSolution
		SolutionGuid = {E7841F81-2E1A-4F20-8200-8636F099CA94}
	EndGlobalSection
EndGlobal
